{
  "name": "babylon-atlas",
  "version": "0.6.0",
  "lockfileVersion": 2,
  "requires": true,
  "packages": {
    "": {
      "name": "babylon-atlas",
      "version": "0.6.0",
      "license": "MIT",
      "peerDependencies": {
        "@babylonjs/core": "^6.0.0"
      }
    },
    "node_modules/@babylonjs/core": {
      "version": "6.0.0",
      "resolved": "https://registry.npmjs.org/@babylonjs/core/-/core-6.0.0.tgz",
      "integrity": "sha512-lQ0cDwhVrWn9MSf91UsvLbWMpIFW0P1YxNSghUG3yTOaf2ZpKEl9AmTrbN+lMfxkrGdgQQB+Bgd3khc2kkMkrA==",
      "peer": true
    }
  },
  "dependencies": {
    "@babylonjs/core": {
      "version": "6.0.0",
      "resolved": "https://registry.npmjs.org/@babylonjs/core/-/core-6.0.0.tgz",
      "integrity": "sha512-lQ0cDwhVrWn9MSf91UsvLbWMpIFW0P1YxNSghUG3yTOaf2ZpKEl9AmTrbN+lMfxkrGdgQQB+Bgd3khc2kkMkrA==",
      "peer": true
    }
  }
}
